// !$*UTF8*$!
{
	archiveVersion = 1;
	classes = {
	};
	objectVersion = 50;
	objects = {

/* Begin PBXBuildFile section */
		2586F744168CC34A09699DFC /* Pods_TaiChi.framework in Frameworks */ = {isa = PBXBuildFile; fileRef = DC87BCC3F52A414A03086550 /* Pods_TaiChi.framework */; };
		490C266C222B9FAA002E18E2 /* s0.png in Resources */ = {isa = PBXBuildFile; fileRef = 490C266B222B9FAA002E18E2 /* s0.png */; };
		490C266F222BA0C7002E18E2 /* s1.png in Resources */ = {isa = PBXBuildFile; fileRef = 490C266D222BA0C6002E18E2 /* s1.png */; };
		490C2670222BA0C7002E18E2 /* s2.png in Resources */ = {isa = PBXBuildFile; fileRef = 490C266E222BA0C7002E18E2 /* s2.png */; };
		490C2678222BA1CE002E18E2 /* s4.png in Resources */ = {isa = PBXBuildFile; fileRef = 490C2671222BA1CB002E18E2 /* s4.png */; };
		490C2679222BA1CE002E18E2 /* s5.png in Resources */ = {isa = PBXBuildFile; fileRef = 490C2672222BA1CC002E18E2 /* s5.png */; };
		490C267A222BA1CE002E18E2 /* s3.png in Resources */ = {isa = PBXBuildFile; fileRef = 490C2673222BA1CC002E18E2 /* s3.png */; };
		490C267B222BA1CE002E18E2 /* s9.png in Resources */ = {isa = PBXBuildFile; fileRef = 490C2674222BA1CD002E18E2 /* s9.png */; };
		490C267C222BA1CE002E18E2 /* s6.png in Resources */ = {isa = PBXBuildFile; fileRef = 490C2675222BA1CD002E18E2 /* s6.png */; };
		490C267D222BA1CE002E18E2 /* s7.png in Resources */ = {isa = PBXBuildFile; fileRef = 490C2676222BA1CD002E18E2 /* s7.png */; };
		490C267E222BA1CE002E18E2 /* s8.png in Resources */ = {isa = PBXBuildFile; fileRef = 490C2677222BA1CE002E18E2 /* s8.png */; };
		490C2689222BA40E002E18E2 /* m7.png in Resources */ = {isa = PBXBuildFile; fileRef = 490C267F222BA40B002E18E2 /* m7.png */; };
		490C268A222BA40E002E18E2 /* m6.png in Resources */ = {isa = PBXBuildFile; fileRef = 490C2680222BA40B002E18E2 /* m6.png */; };
		490C268B222BA40E002E18E2 /* m3.png in Resources */ = {isa = PBXBuildFile; fileRef = 490C2681222BA40B002E18E2 /* m3.png */; };
		490C268C222BA40E002E18E2 /* m1.png in Resources */ = {isa = PBXBuildFile; fileRef = 490C2682222BA40C002E18E2 /* m1.png */; };
		490C268D222BA40E002E18E2 /* m8.png in Resources */ = {isa = PBXBuildFile; fileRef = 490C2683222BA40C002E18E2 /* m8.png */; };
		490C268E222BA40E002E18E2 /* m5.png in Resources */ = {isa = PBXBuildFile; fileRef = 490C2684222BA40D002E18E2 /* m5.png */; };
		490C268F222BA40E002E18E2 /* m2.png in Resources */ = {isa = PBXBuildFile; fileRef = 490C2685222BA40D002E18E2 /* m2.png */; };
		490C2690222BA40E002E18E2 /* m0.png in Resources */ = {isa = PBXBuildFile; fileRef = 490C2686222BA40E002E18E2 /* m0.png */; };
		490C2691222BA40E002E18E2 /* m9.png in Resources */ = {isa = PBXBuildFile; fileRef = 490C2687222BA40E002E18E2 /* m9.png */; };
		490C2692222BA40E002E18E2 /* m4.png in Resources */ = {isa = PBXBuildFile; fileRef = 490C2688222BA40E002E18E2 /* m4.png */; };
		4912372522014BCC00001D97 /* SittingPlayVideoExtension.swift in Sources */ = {isa = PBXBuildFile; fileRef = 4912372422014BCC00001D97 /* SittingPlayVideoExtension.swift */; };
		4912372722014CF800001D97 /* SittingVideoDataExtension.swift in Sources */ = {isa = PBXBuildFile; fileRef = 4912372622014CF700001D97 /* SittingVideoDataExtension.swift */; };
		4912372922014D4400001D97 /* StandingPlayVideoExtension.swift in Sources */ = {isa = PBXBuildFile; fileRef = 4912372822014D4400001D97 /* StandingPlayVideoExtension.swift */; };
		4912372B22014DA100001D97 /* StandingVideoDataExtension.swift in Sources */ = {isa = PBXBuildFile; fileRef = 4912372A22014DA100001D97 /* StandingVideoDataExtension.swift */; };
		49544E5121E87CD400092CE7 /* SittingViewController.swift in Sources */ = {isa = PBXBuildFile; fileRef = 49544E5021E87CD400092CE7 /* SittingViewController.swift */; };
		49544E5321E87CDE00092CE7 /* StandingViewController.swift in Sources */ = {isa = PBXBuildFile; fileRef = 49544E5221E87CDE00092CE7 /* StandingViewController.swift */; };
		49544E5821E880EA00092CE7 /* VideoTableViewCell.swift in Sources */ = {isa = PBXBuildFile; fileRef = 49544E5621E880EA00092CE7 /* VideoTableViewCell.swift */; };
		49544E5921E880EA00092CE7 /* VideoTableViewCell.xib in Resources */ = {isa = PBXBuildFile; fileRef = 49544E5721E880EA00092CE7 /* VideoTableViewCell.xib */; };
		495F2E62220BE9A700D56049 /* roundCornerExtension.swift in Sources */ = {isa = PBXBuildFile; fileRef = 495F2E61220BE9A700D56049 /* roundCornerExtension.swift */; };
		495F2E64220C728300D56049 /* buttonShadowExtension.swift in Sources */ = {isa = PBXBuildFile; fileRef = 495F2E63220C728300D56049 /* buttonShadowExtension.swift */; };
		495F2E66220C7AED00D56049 /* retractKeyboardExtension.swift in Sources */ = {isa = PBXBuildFile; fileRef = 495F2E65220C7AED00D56049 /* retractKeyboardExtension.swift */; };
		49696E0D21EF592500B23804 /* PlayTime.swift in Sources */ = {isa = PBXBuildFile; fileRef = 49696E0C21EF592500B23804 /* PlayTime.swift */; };
		49696E0F21EF599600B23804 /* Video.swift in Sources */ = {isa = PBXBuildFile; fileRef = 49696E0E21EF599600B23804 /* Video.swift */; };
		49696E1121EF59C400B23804 /* Day.swift in Sources */ = {isa = PBXBuildFile; fileRef = 49696E1021EF59C400B23804 /* Day.swift */; };
		49709B3822096875003DD139 /* SittingJSONExtension.swift in Sources */ = {isa = PBXBuildFile; fileRef = 49709B3722096875003DD139 /* SittingJSONExtension.swift */; };
		49709B3A22096889003DD139 /* StandingJSONExtension.swift in Sources */ = {isa = PBXBuildFile; fileRef = 49709B3922096889003DD139 /* StandingJSONExtension.swift */; };
		49709B3E220B2218003DD139 /* textFieldIcon.swift in Sources */ = {isa = PBXBuildFile; fileRef = 49709B3D220B2218003DD139 /* textFieldIcon.swift */; };
		498F97652224B4900069A353 /* s0.mp4 in Resources */ = {isa = PBXBuildFile; fileRef = 498F97622224B4800069A353 /* s0.mp4 */; };
		498F97662224B4900069A353 /* s1.mp4 in Resources */ = {isa = PBXBuildFile; fileRef = 498F975D2224B47D0069A353 /* s1.mp4 */; };
		498F97672224B4900069A353 /* s2.mp4 in Resources */ = {isa = PBXBuildFile; fileRef = 498F97602224B47E0069A353 /* s2.mp4 */; };
		498F97682224B4900069A353 /* s3.mp4 in Resources */ = {isa = PBXBuildFile; fileRef = 498F97612224B47F0069A353 /* s3.mp4 */; };
		498F97692224B4900069A353 /* s4.mp4 in Resources */ = {isa = PBXBuildFile; fileRef = 498F975E2224B47E0069A353 /* s4.mp4 */; };
		498F976A2224B4900069A353 /* s5.mp4 in Resources */ = {isa = PBXBuildFile; fileRef = 498F975C2224B47D0069A353 /* s5.mp4 */; };
		498F976B2224B4900069A353 /* s6.mp4 in Resources */ = {isa = PBXBuildFile; fileRef = 498F97642224B4810069A353 /* s6.mp4 */; };
		498F976C2224B4900069A353 /* s7.mp4 in Resources */ = {isa = PBXBuildFile; fileRef = 498F975B2224B47C0069A353 /* s7.mp4 */; };
		498F976D2224B4900069A353 /* s8.mp4 in Resources */ = {isa = PBXBuildFile; fileRef = 498F97632224B4800069A353 /* s8.mp4 */; };
		498F97792224B4B20069A353 /* m0.mp4 in Resources */ = {isa = PBXBuildFile; fileRef = 498F97732224B4A30069A353 /* m0.mp4 */; };
		498F977A2224B4B20069A353 /* m1.mp4 in Resources */ = {isa = PBXBuildFile; fileRef = 498F97762224B4A70069A353 /* m1.mp4 */; };
		498F977B2224B4B20069A353 /* m2.mp4 in Resources */ = {isa = PBXBuildFile; fileRef = 498F97742224B4A40069A353 /* m2.mp4 */; };
		498F977C2224B4B20069A353 /* m3.mp4 in Resources */ = {isa = PBXBuildFile; fileRef = 498F97782224B4A80069A353 /* m3.mp4 */; };
		498F977D2224B4B20069A353 /* m4.mp4 in Resources */ = {isa = PBXBuildFile; fileRef = 498F976F2224B4A10069A353 /* m4.mp4 */; };
		498F977E2224B4B20069A353 /* m5.mp4 in Resources */ = {isa = PBXBuildFile; fileRef = 498F97712224B4A20069A353 /* m5.mp4 */; };
		498F977F2224B4B20069A353 /* m6.mp4 in Resources */ = {isa = PBXBuildFile; fileRef = 498F97702224B4A10069A353 /* m6.mp4 */; };
		498F97802224B4B20069A353 /* m7.mp4 in Resources */ = {isa = PBXBuildFile; fileRef = 498F97772224B4A80069A353 /* m7.mp4 */; };
		498F97812224B4B20069A353 /* m8.mp4 in Resources */ = {isa = PBXBuildFile; fileRef = 498F97752224B4A50069A353 /* m8.mp4 */; };
		498F97822224B4B20069A353 /* m9.mp4 in Resources */ = {isa = PBXBuildFile; fileRef = 498F97722224B4A20069A353 /* m9.mp4 */; };
		498F9784222505B30069A353 /* s9.mp4 in Resources */ = {isa = PBXBuildFile; fileRef = 498F975F2224B47E0069A353 /* s9.mp4 */; };
		498F9786222508080069A353 /* SelfPracticeViewController.swift in Sources */ = {isa = PBXBuildFile; fileRef = 498F9785222508080069A353 /* SelfPracticeViewController.swift */; };
		498F9788222610670069A353 /* SelfPracticeDataExtension.swift in Sources */ = {isa = PBXBuildFile; fileRef = 498F9787222610660069A353 /* SelfPracticeDataExtension.swift */; };
		499DB8C22205F217008AB45B /* orange background.png in Resources */ = {isa = PBXBuildFile; fileRef = 499DB8C12205F216008AB45B /* orange background.png */; };
		499DB8C62205FADE008AB45B /* Ying Yang.png in Resources */ = {isa = PBXBuildFile; fileRef = 499DB8C52205FADE008AB45B /* Ying Yang.png */; };
		49D92CDB2218D1600086295D /* Login.swift in Sources */ = {isa = PBXBuildFile; fileRef = 49D92CDA2218D1600086295D /* Login.swift */; };
		49D92CDD2218D22D0086295D /* LoginVCPasswordExtension.swift in Sources */ = {isa = PBXBuildFile; fileRef = 49D92CDC2218D22D0086295D /* LoginVCPasswordExtension.swift */; };
		49EB505F21FD8B0F008EB865 /* Progress.swift in Sources */ = {isa = PBXBuildFile; fileRef = 49EB505E21FD8B0F008EB865 /* Progress.swift */; };
		49F0D9D8220285A900B4BF0F /* SittingDateExtension.swift in Sources */ = {isa = PBXBuildFile; fileRef = 49F0D9D7220285A900B4BF0F /* SittingDateExtension.swift */; };
		49F0D9DA220285B600B4BF0F /* StandingDateExtension.swift in Sources */ = {isa = PBXBuildFile; fileRef = 49F0D9D9220285B600B4BF0F /* StandingDateExtension.swift */; };
		49F33AF021E86F4300F93F34 /* AppDelegate.swift in Sources */ = {isa = PBXBuildFile; fileRef = 49F33AEF21E86F4300F93F34 /* AppDelegate.swift */; };
		49F33AF221E86F4300F93F34 /* LoginViewController.swift in Sources */ = {isa = PBXBuildFile; fileRef = 49F33AF121E86F4300F93F34 /* LoginViewController.swift */; };
		49F33AF521E86F4300F93F34 /* Main.storyboard in Resources */ = {isa = PBXBuildFile; fileRef = 49F33AF321E86F4300F93F34 /* Main.storyboard */; };
		49F33AF721E86F4500F93F34 /* Assets.xcassets in Resources */ = {isa = PBXBuildFile; fileRef = 49F33AF621E86F4500F93F34 /* Assets.xcassets */; };
		49F33AFA21E86F4500F93F34 /* LaunchScreen.storyboard in Resources */ = {isa = PBXBuildFile; fileRef = 49F33AF821E86F4500F93F34 /* LaunchScreen.storyboard */; };
		49F33B0321E874AF00F93F34 /* SelectionViewController.swift in Sources */ = {isa = PBXBuildFile; fileRef = 49F33B0221E874AF00F93F34 /* SelectionViewController.swift */; };
/* End PBXBuildFile section */

/* Begin PBXFileReference section */
		20803EFE5661BE718369B105 /* Pods-TaiChi.release.xcconfig */ = {isa = PBXFileReference; includeInIndex = 1; lastKnownFileType = text.xcconfig; name = "Pods-TaiChi.release.xcconfig"; path = "Pods/Target Support Files/Pods-TaiChi/Pods-TaiChi.release.xcconfig"; sourceTree = "<group>"; };
		490C266B222B9FAA002E18E2 /* s0.png */ = {isa = PBXFileReference; lastKnownFileType = image.png; path = s0.png; sourceTree = "<group>"; };
		490C266D222BA0C6002E18E2 /* s1.png */ = {isa = PBXFileReference; lastKnownFileType = image.png; path = s1.png; sourceTree = "<group>"; };
		490C266E222BA0C7002E18E2 /* s2.png */ = {isa = PBXFileReference; lastKnownFileType = image.png; path = s2.png; sourceTree = "<group>"; };
		490C2671222BA1CB002E18E2 /* s4.png */ = {isa = PBXFileReference; lastKnownFileType = image.png; path = s4.png; sourceTree = "<group>"; };
		490C2672222BA1CC002E18E2 /* s5.png */ = {isa = PBXFileReference; lastKnownFileType = image.png; path = s5.png; sourceTree = "<group>"; };
		490C2673222BA1CC002E18E2 /* s3.png */ = {isa = PBXFileReference; lastKnownFileType = image.png; path = s3.png; sourceTree = "<group>"; };
		490C2674222BA1CD002E18E2 /* s9.png */ = {isa = PBXFileReference; lastKnownFileType = image.png; path = s9.png; sourceTree = "<group>"; };
		490C2675222BA1CD002E18E2 /* s6.png */ = {isa = PBXFileReference; lastKnownFileType = image.png; path = s6.png; sourceTree = "<group>"; };
		490C2676222BA1CD002E18E2 /* s7.png */ = {isa = PBXFileReference; lastKnownFileType = image.png; path = s7.png; sourceTree = "<group>"; };
		490C2677222BA1CE002E18E2 /* s8.png */ = {isa = PBXFileReference; lastKnownFileType = image.png; path = s8.png; sourceTree = "<group>"; };
		490C267F222BA40B002E18E2 /* m7.png */ = {isa = PBXFileReference; lastKnownFileType = image.png; path = m7.png; sourceTree = "<group>"; };
		490C2680222BA40B002E18E2 /* m6.png */ = {isa = PBXFileReference; lastKnownFileType = image.png; path = m6.png; sourceTree = "<group>"; };
		490C2681222BA40B002E18E2 /* m3.png */ = {isa = PBXFileReference; lastKnownFileType = image.png; path = m3.png; sourceTree = "<group>"; };
		490C2682222BA40C002E18E2 /* m1.png */ = {isa = PBXFileReference; lastKnownFileType = image.png; path = m1.png; sourceTree = "<group>"; };
		490C2683222BA40C002E18E2 /* m8.png */ = {isa = PBXFileReference; lastKnownFileType = image.png; path = m8.png; sourceTree = "<group>"; };
		490C2684222BA40D002E18E2 /* m5.png */ = {isa = PBXFileReference; lastKnownFileType = image.png; path = m5.png; sourceTree = "<group>"; };
		490C2685222BA40D002E18E2 /* m2.png */ = {isa = PBXFileReference; lastKnownFileType = image.png; path = m2.png; sourceTree = "<group>"; };
		490C2686222BA40E002E18E2 /* m0.png */ = {isa = PBXFileReference; lastKnownFileType = image.png; path = m0.png; sourceTree = "<group>"; };
		490C2687222BA40E002E18E2 /* m9.png */ = {isa = PBXFileReference; lastKnownFileType = image.png; path = m9.png; sourceTree = "<group>"; };
		490C2688222BA40E002E18E2 /* m4.png */ = {isa = PBXFileReference; lastKnownFileType = image.png; path = m4.png; sourceTree = "<group>"; };
		4912372422014BCC00001D97 /* SittingPlayVideoExtension.swift */ = {isa = PBXFileReference; lastKnownFileType = sourcecode.swift; path = SittingPlayVideoExtension.swift; sourceTree = "<group>"; };
		4912372622014CF700001D97 /* SittingVideoDataExtension.swift */ = {isa = PBXFileReference; lastKnownFileType = sourcecode.swift; path = SittingVideoDataExtension.swift; sourceTree = "<group>"; };
		4912372822014D4400001D97 /* StandingPlayVideoExtension.swift */ = {isa = PBXFileReference; lastKnownFileType = sourcecode.swift; path = StandingPlayVideoExtension.swift; sourceTree = "<group>"; };
		4912372A22014DA100001D97 /* StandingVideoDataExtension.swift */ = {isa = PBXFileReference; lastKnownFileType = sourcecode.swift; path = StandingVideoDataExtension.swift; sourceTree = "<group>"; };
		49544E5021E87CD400092CE7 /* SittingViewController.swift */ = {isa = PBXFileReference; lastKnownFileType = sourcecode.swift; path = SittingViewController.swift; sourceTree = "<group>"; };
		49544E5221E87CDE00092CE7 /* StandingViewController.swift */ = {isa = PBXFileReference; lastKnownFileType = sourcecode.swift; path = StandingViewController.swift; sourceTree = "<group>"; };
		49544E5621E880EA00092CE7 /* VideoTableViewCell.swift */ = {isa = PBXFileReference; lastKnownFileType = sourcecode.swift; path = VideoTableViewCell.swift; sourceTree = "<group>"; };
		49544E5721E880EA00092CE7 /* VideoTableViewCell.xib */ = {isa = PBXFileReference; lastKnownFileType = file.xib; path = VideoTableViewCell.xib; sourceTree = "<group>"; };
		495F2E61220BE9A700D56049 /* roundCornerExtension.swift */ = {isa = PBXFileReference; lastKnownFileType = sourcecode.swift; path = roundCornerExtension.swift; sourceTree = "<group>"; };
		495F2E63220C728300D56049 /* buttonShadowExtension.swift */ = {isa = PBXFileReference; lastKnownFileType = sourcecode.swift; path = buttonShadowExtension.swift; sourceTree = "<group>"; };
		495F2E65220C7AED00D56049 /* retractKeyboardExtension.swift */ = {isa = PBXFileReference; lastKnownFileType = sourcecode.swift; path = retractKeyboardExtension.swift; sourceTree = "<group>"; };
		49696E0C21EF592500B23804 /* PlayTime.swift */ = {isa = PBXFileReference; lastKnownFileType = sourcecode.swift; path = PlayTime.swift; sourceTree = "<group>"; };
		49696E0E21EF599600B23804 /* Video.swift */ = {isa = PBXFileReference; lastKnownFileType = sourcecode.swift; path = Video.swift; sourceTree = "<group>"; };
		49696E1021EF59C400B23804 /* Day.swift */ = {isa = PBXFileReference; lastKnownFileType = sourcecode.swift; path = Day.swift; sourceTree = "<group>"; };
		49709B3722096875003DD139 /* SittingJSONExtension.swift */ = {isa = PBXFileReference; lastKnownFileType = sourcecode.swift; path = SittingJSONExtension.swift; sourceTree = "<group>"; };
		49709B3922096889003DD139 /* StandingJSONExtension.swift */ = {isa = PBXFileReference; lastKnownFileType = sourcecode.swift; path = StandingJSONExtension.swift; sourceTree = "<group>"; };
		49709B3D220B2218003DD139 /* textFieldIcon.swift */ = {isa = PBXFileReference; lastKnownFileType = sourcecode.swift; path = textFieldIcon.swift; sourceTree = "<group>"; };
		498F975B2224B47C0069A353 /* s7.mp4 */ = {isa = PBXFileReference; lastKnownFileType = file; path = s7.mp4; sourceTree = "<group>"; };
		498F975C2224B47D0069A353 /* s5.mp4 */ = {isa = PBXFileReference; lastKnownFileType = file; path = s5.mp4; sourceTree = "<group>"; };
		498F975D2224B47D0069A353 /* s1.mp4 */ = {isa = PBXFileReference; lastKnownFileType = file; path = s1.mp4; sourceTree = "<group>"; };
		498F975E2224B47E0069A353 /* s4.mp4 */ = {isa = PBXFileReference; lastKnownFileType = file; path = s4.mp4; sourceTree = "<group>"; };
		498F975F2224B47E0069A353 /* s9.mp4 */ = {isa = PBXFileReference; lastKnownFileType = file; path = s9.mp4; sourceTree = "<group>"; };
		498F97602224B47E0069A353 /* s2.mp4 */ = {isa = PBXFileReference; lastKnownFileType = file; path = s2.mp4; sourceTree = "<group>"; };
		498F97612224B47F0069A353 /* s3.mp4 */ = {isa = PBXFileReference; lastKnownFileType = file; path = s3.mp4; sourceTree = "<group>"; };
		498F97622224B4800069A353 /* s0.mp4 */ = {isa = PBXFileReference; lastKnownFileType = file; path = s0.mp4; sourceTree = "<group>"; };
		498F97632224B4800069A353 /* s8.mp4 */ = {isa = PBXFileReference; lastKnownFileType = file; path = s8.mp4; sourceTree = "<group>"; };
		498F97642224B4810069A353 /* s6.mp4 */ = {isa = PBXFileReference; lastKnownFileType = file; path = s6.mp4; sourceTree = "<group>"; };
		498F976F2224B4A10069A353 /* m4.mp4 */ = {isa = PBXFileReference; lastKnownFileType = file; path = m4.mp4; sourceTree = "<group>"; };
		498F97702224B4A10069A353 /* m6.mp4 */ = {isa = PBXFileReference; lastKnownFileType = file; path = m6.mp4; sourceTree = "<group>"; };
		498F97712224B4A20069A353 /* m5.mp4 */ = {isa = PBXFileReference; lastKnownFileType = file; path = m5.mp4; sourceTree = "<group>"; };
		498F97722224B4A20069A353 /* m9.mp4 */ = {isa = PBXFileReference; lastKnownFileType = file; path = m9.mp4; sourceTree = "<group>"; };
		498F97732224B4A30069A353 /* m0.mp4 */ = {isa = PBXFileReference; lastKnownFileType = file; path = m0.mp4; sourceTree = "<group>"; };
		498F97742224B4A40069A353 /* m2.mp4 */ = {isa = PBXFileReference; lastKnownFileType = file; path = m2.mp4; sourceTree = "<group>"; };
		498F97752224B4A50069A353 /* m8.mp4 */ = {isa = PBXFileReference; lastKnownFileType = file; path = m8.mp4; sourceTree = "<group>"; };
		498F97762224B4A70069A353 /* m1.mp4 */ = {isa = PBXFileReference; lastKnownFileType = file; path = m1.mp4; sourceTree = "<group>"; };
		498F97772224B4A80069A353 /* m7.mp4 */ = {isa = PBXFileReference; lastKnownFileType = file; path = m7.mp4; sourceTree = "<group>"; };
		498F97782224B4A80069A353 /* m3.mp4 */ = {isa = PBXFileReference; lastKnownFileType = file; path = m3.mp4; sourceTree = "<group>"; };
		498F9785222508080069A353 /* SelfPracticeViewController.swift */ = {isa = PBXFileReference; lastKnownFileType = sourcecode.swift; path = SelfPracticeViewController.swift; sourceTree = "<group>"; };
		498F9787222610660069A353 /* SelfPracticeDataExtension.swift */ = {isa = PBXFileReference; lastKnownFileType = sourcecode.swift; path = SelfPracticeDataExtension.swift; sourceTree = "<group>"; };
		499DB8C12205F216008AB45B /* orange background.png */ = {isa = PBXFileReference; lastKnownFileType = image.png; path = "orange background.png"; sourceTree = "<group>"; };
		499DB8C52205FADE008AB45B /* Ying Yang.png */ = {isa = PBXFileReference; lastKnownFileType = image.png; path = "Ying Yang.png"; sourceTree = "<group>"; };
		49D92CDA2218D1600086295D /* Login.swift */ = {isa = PBXFileReference; lastKnownFileType = sourcecode.swift; path = Login.swift; sourceTree = "<group>"; };
		49D92CDC2218D22D0086295D /* LoginVCPasswordExtension.swift */ = {isa = PBXFileReference; lastKnownFileType = sourcecode.swift; path = LoginVCPasswordExtension.swift; sourceTree = "<group>"; };
		49EB505E21FD8B0F008EB865 /* Progress.swift */ = {isa = PBXFileReference; lastKnownFileType = sourcecode.swift; path = Progress.swift; sourceTree = "<group>"; };
		49F0D9D7220285A900B4BF0F /* SittingDateExtension.swift */ = {isa = PBXFileReference; lastKnownFileType = sourcecode.swift; path = SittingDateExtension.swift; sourceTree = "<group>"; };
		49F0D9D9220285B600B4BF0F /* StandingDateExtension.swift */ = {isa = PBXFileReference; lastKnownFileType = sourcecode.swift; path = StandingDateExtension.swift; sourceTree = "<group>"; };
		49F33AEC21E86F4300F93F34 /* TaiChi.app */ = {isa = PBXFileReference; explicitFileType = wrapper.application; includeInIndex = 0; path = TaiChi.app; sourceTree = BUILT_PRODUCTS_DIR; };
		49F33AEF21E86F4300F93F34 /* AppDelegate.swift */ = {isa = PBXFileReference; lastKnownFileType = sourcecode.swift; path = AppDelegate.swift; sourceTree = "<group>"; };
		49F33AF121E86F4300F93F34 /* LoginViewController.swift */ = {isa = PBXFileReference; lastKnownFileType = sourcecode.swift; path = LoginViewController.swift; sourceTree = "<group>"; };
		49F33AF421E86F4300F93F34 /* Base */ = {isa = PBXFileReference; lastKnownFileType = file.storyboard; name = Base; path = Base.lproj/Main.storyboard; sourceTree = "<group>"; };
		49F33AF621E86F4500F93F34 /* Assets.xcassets */ = {isa = PBXFileReference; lastKnownFileType = folder.assetcatalog; path = Assets.xcassets; sourceTree = "<group>"; };
		49F33AF921E86F4500F93F34 /* Base */ = {isa = PBXFileReference; lastKnownFileType = file.storyboard; name = Base; path = Base.lproj/LaunchScreen.storyboard; sourceTree = "<group>"; };
		49F33AFB21E86F4500F93F34 /* Info.plist */ = {isa = PBXFileReference; lastKnownFileType = text.plist.xml; path = Info.plist; sourceTree = "<group>"; };
		49F33B0221E874AF00F93F34 /* SelectionViewController.swift */ = {isa = PBXFileReference; lastKnownFileType = sourcecode.swift; path = SelectionViewController.swift; sourceTree = "<group>"; };
		614E480679B76853ADA27583 /* Pods-TaiChi.debug.xcconfig */ = {isa = PBXFileReference; includeInIndex = 1; lastKnownFileType = text.xcconfig; name = "Pods-TaiChi.debug.xcconfig"; path = "Pods/Target Support Files/Pods-TaiChi/Pods-TaiChi.debug.xcconfig"; sourceTree = "<group>"; };
		DC87BCC3F52A414A03086550 /* Pods_TaiChi.framework */ = {isa = PBXFileReference; explicitFileType = wrapper.framework; includeInIndex = 0; path = Pods_TaiChi.framework; sourceTree = BUILT_PRODUCTS_DIR; };
/* End PBXFileReference section */

/* Begin PBXFrameworksBuildPhase section */
		49F33AE921E86F4300F93F34 /* Frameworks */ = {
			isa = PBXFrameworksBuildPhase;
			buildActionMask = 2147483647;
			files = (
				2586F744168CC34A09699DFC /* Pods_TaiChi.framework in Frameworks */,
			);
			runOnlyForDeploymentPostprocessing = 0;
		};
/* End PBXFrameworksBuildPhase section */

/* Begin PBXGroup section */
		490C2693222BA489002E18E2 /* Sitting Thumbnails */ = {
			isa = PBXGroup;
			children = (
				490C266B222B9FAA002E18E2 /* s0.png */,
				490C266D222BA0C6002E18E2 /* s1.png */,
				490C266E222BA0C7002E18E2 /* s2.png */,
				490C2673222BA1CC002E18E2 /* s3.png */,
				490C2671222BA1CB002E18E2 /* s4.png */,
				490C2672222BA1CC002E18E2 /* s5.png */,
				490C2675222BA1CD002E18E2 /* s6.png */,
				490C2676222BA1CD002E18E2 /* s7.png */,
				490C2677222BA1CE002E18E2 /* s8.png */,
				490C2674222BA1CD002E18E2 /* s9.png */,
			);
			path = "Sitting Thumbnails";
			sourceTree = "<group>";
		};
		490C2694222BA4B1002E18E2 /* Standing Thumbnails */ = {
			isa = PBXGroup;
			children = (
				490C2686222BA40E002E18E2 /* m0.png */,
				490C2682222BA40C002E18E2 /* m1.png */,
				490C2685222BA40D002E18E2 /* m2.png */,
				490C2681222BA40B002E18E2 /* m3.png */,
				490C2688222BA40E002E18E2 /* m4.png */,
				490C2684222BA40D002E18E2 /* m5.png */,
				490C2680222BA40B002E18E2 /* m6.png */,
				490C267F222BA40B002E18E2 /* m7.png */,
				490C2683222BA40C002E18E2 /* m8.png */,
				490C2687222BA40E002E18E2 /* m9.png */,
			);
			path = "Standing Thumbnails";
			sourceTree = "<group>";
		};
		4912372C22014DB000001D97 /* SittingViewControllerFiles */ = {
			isa = PBXGroup;
			children = (
				49544E5021E87CD400092CE7 /* SittingViewController.swift */,
				4912372422014BCC00001D97 /* SittingPlayVideoExtension.swift */,
				4912372622014CF700001D97 /* SittingVideoDataExtension.swift */,
				49F0D9D7220285A900B4BF0F /* SittingDateExtension.swift */,
				49709B3722096875003DD139 /* SittingJSONExtension.swift */,
			);
			path = SittingViewControllerFiles;
			sourceTree = "<group>";
		};
		4912372D22014DC800001D97 /* StandingViewControllerFiles */ = {
			isa = PBXGroup;
			children = (
				49544E5221E87CDE00092CE7 /* StandingViewController.swift */,
				4912372822014D4400001D97 /* StandingPlayVideoExtension.swift */,
				4912372A22014DA100001D97 /* StandingVideoDataExtension.swift */,
				49F0D9D9220285B600B4BF0F /* StandingDateExtension.swift */,
				49709B3922096889003DD139 /* StandingJSONExtension.swift */,
			);
			path = StandingViewControllerFiles;
			sourceTree = "<group>";
		};
		49544E4721E87A1700092CE7 /* Cells */ = {
			isa = PBXGroup;
			children = (
				49544E5621E880EA00092CE7 /* VideoTableViewCell.swift */,
				49544E5721E880EA00092CE7 /* VideoTableViewCell.xib */,
			);
			path = Cells;
			sourceTree = "<group>";
		};
		49696E0621E993C800B23804 /* Models */ = {
			isa = PBXGroup;
			children = (
				49696E1021EF59C400B23804 /* Day.swift */,
				49696E0E21EF599600B23804 /* Video.swift */,
				49696E0C21EF592500B23804 /* PlayTime.swift */,
				49EB505E21FD8B0F008EB865 /* Progress.swift */,
				49D92CDA2218D1600086295D /* Login.swift */,
			);
			path = Models;
			sourceTree = "<group>";
		};
		49696E0B21EE1E3700B23804 /* supporting files */ = {
			isa = PBXGroup;
			children = (
				49709B3D220B2218003DD139 /* textFieldIcon.swift */,
				495F2E61220BE9A700D56049 /* roundCornerExtension.swift */,
				495F2E63220C728300D56049 /* buttonShadowExtension.swift */,
				495F2E65220C7AED00D56049 /* retractKeyboardExtension.swift */,
			);
			path = "supporting files";
			sourceTree = "<group>";
		};
		498F97832224B4C00069A353 /* Video Resources */ = {
			isa = PBXGroup;
			children = (
				498F975D2224B47D0069A353 /* s1.mp4 */,
				498F97602224B47E0069A353 /* s2.mp4 */,
				498F97612224B47F0069A353 /* s3.mp4 */,
				498F975E2224B47E0069A353 /* s4.mp4 */,
				498F975C2224B47D0069A353 /* s5.mp4 */,
				498F97642224B4810069A353 /* s6.mp4 */,
				498F975B2224B47C0069A353 /* s7.mp4 */,
				498F97632224B4800069A353 /* s8.mp4 */,
				498F975F2224B47E0069A353 /* s9.mp4 */,
				498F97732224B4A30069A353 /* m0.mp4 */,
				498F97762224B4A70069A353 /* m1.mp4 */,
				498F97742224B4A40069A353 /* m2.mp4 */,
				498F97782224B4A80069A353 /* m3.mp4 */,
				498F976F2224B4A10069A353 /* m4.mp4 */,
				498F97712224B4A20069A353 /* m5.mp4 */,
				498F97702224B4A10069A353 /* m6.mp4 */,
				498F97772224B4A80069A353 /* m7.mp4 */,
				498F97752224B4A50069A353 /* m8.mp4 */,
				498F97722224B4A20069A353 /* m9.mp4 */,
				498F97622224B4800069A353 /* s0.mp4 */,
			);
			path = "Video Resources";
			sourceTree = "<group>";
		};
		498F97892226106F0069A353 /* SelfPracticeViewControllerFiles */ = {
			isa = PBXGroup;
			children = (
				498F9785222508080069A353 /* SelfPracticeViewController.swift */,
				498F9787222610660069A353 /* SelfPracticeDataExtension.swift */,
			);
			path = SelfPracticeViewControllerFiles;
			sourceTree = "<group>";
		};
		49D92CE3221A94A00086295D /* UI resources */ = {
			isa = PBXGroup;
			children = (
				490C2693222BA489002E18E2 /* Sitting Thumbnails */,
				490C2694222BA4B1002E18E2 /* Standing Thumbnails */,
				499DB8C12205F216008AB45B /* orange background.png */,
				499DB8C52205FADE008AB45B /* Ying Yang.png */,
			);
			path = "UI resources";
			sourceTree = "<group>";
		};
		49F33AE321E86F4300F93F34 = {
			isa = PBXGroup;
			children = (
				498F97832224B4C00069A353 /* Video Resources */,
				49D92CE3221A94A00086295D /* UI resources */,
				49F33AEE21E86F4300F93F34 /* TaiChi */,
				49F33AED21E86F4300F93F34 /* Products */,
				E3CA386553F40AACE1EF79B5 /* Pods */,
				96207EC2B8AE61D623A2A0BB /* Frameworks */,
			);
			sourceTree = "<group>";
		};
		49F33AED21E86F4300F93F34 /* Products */ = {
			isa = PBXGroup;
			children = (
				49F33AEC21E86F4300F93F34 /* TaiChi.app */,
			);
			name = Products;
			sourceTree = "<group>";
		};
		49F33AEE21E86F4300F93F34 /* TaiChi */ = {
			isa = PBXGroup;
			children = (
				49F33AEF21E86F4300F93F34 /* AppDelegate.swift */,
				49F33AF621E86F4500F93F34 /* Assets.xcassets */,
				49696E0621E993C800B23804 /* Models */,
				49F33B0121E86FC400F93F34 /* Views */,
				49F33B0421E874C500F93F34 /* Controllers */,
				49F33AFB21E86F4500F93F34 /* Info.plist */,
				49696E0B21EE1E3700B23804 /* supporting files */,
			);
			path = TaiChi;
			sourceTree = "<group>";
		};
		49F33B0121E86FC400F93F34 /* Views */ = {
			isa = PBXGroup;
			children = (
				49F33AF321E86F4300F93F34 /* Main.storyboard */,
				49F33AF821E86F4500F93F34 /* LaunchScreen.storyboard */,
			);
			path = Views;
			sourceTree = "<group>";
		};
		49F33B0421E874C500F93F34 /* Controllers */ = {
			isa = PBXGroup;
			children = (
				49F33AF121E86F4300F93F34 /* LoginViewController.swift */,
				49D92CDC2218D22D0086295D /* LoginVCPasswordExtension.swift */,
				49F33B0221E874AF00F93F34 /* SelectionViewController.swift */,
				498F97892226106F0069A353 /* SelfPracticeViewControllerFiles */,
				4912372C22014DB000001D97 /* SittingViewControllerFiles */,
				4912372D22014DC800001D97 /* StandingViewControllerFiles */,
				49544E4721E87A1700092CE7 /* Cells */,
			);
			path = Controllers;
			sourceTree = "<group>";
		};
		96207EC2B8AE61D623A2A0BB /* Frameworks */ = {
			isa = PBXGroup;
			children = (
				DC87BCC3F52A414A03086550 /* Pods_TaiChi.framework */,
			);
			name = Frameworks;
			sourceTree = "<group>";
		};
		E3CA386553F40AACE1EF79B5 /* Pods */ = {
			isa = PBXGroup;
			children = (
				614E480679B76853ADA27583 /* Pods-TaiChi.debug.xcconfig */,
				20803EFE5661BE718369B105 /* Pods-TaiChi.release.xcconfig */,
			);
			name = Pods;
			sourceTree = "<group>";
		};
/* End PBXGroup section */

/* Begin PBXNativeTarget section */
		49F33AEB21E86F4300F93F34 /* TaiChi */ = {
			isa = PBXNativeTarget;
			buildConfigurationList = 49F33AFE21E86F4500F93F34 /* Build configuration list for PBXNativeTarget "TaiChi" */;
			buildPhases = (
				F6870539B1F1CD7B161DC3D7 /* [CP] Check Pods Manifest.lock */,
				49F33AE821E86F4300F93F34 /* Sources */,
				49F33AE921E86F4300F93F34 /* Frameworks */,
				49F33AEA21E86F4300F93F34 /* Resources */,
				5A2AEB5C9069876D64A692F4 /* [CP] Embed Pods Frameworks */,
			);
			buildRules = (
			);
			dependencies = (
			);
			name = TaiChi;
			productName = TaiChi;
			productReference = 49F33AEC21E86F4300F93F34 /* TaiChi.app */;
			productType = "com.apple.product-type.application";
		};
/* End PBXNativeTarget section */

/* Begin PBXProject section */
		49F33AE421E86F4300F93F34 /* Project object */ = {
			isa = PBXProject;
			attributes = {
				LastSwiftUpdateCheck = 1010;
				LastUpgradeCheck = 1010;
				ORGANIZATIONNAME = Petech;
				TargetAttributes = {
					49F33AEB21E86F4300F93F34 = {
						CreatedOnToolsVersion = 10.1;
					};
				};
			};
			buildConfigurationList = 49F33AE721E86F4300F93F34 /* Build configuration list for PBXProject "TaiChi" */;
			compatibilityVersion = "Xcode 9.3";
			developmentRegion = en;
			hasScannedForEncodings = 0;
			knownRegions = (
				en,
				Base,
			);
			mainGroup = 49F33AE321E86F4300F93F34;
			productRefGroup = 49F33AED21E86F4300F93F34 /* Products */;
			projectDirPath = "";
			projectRoot = "";
			targets = (
				49F33AEB21E86F4300F93F34 /* TaiChi */,
			);
		};
/* End PBXProject section */

/* Begin PBXResourcesBuildPhase section */
		49F33AEA21E86F4300F93F34 /* Resources */ = {
			isa = PBXResourcesBuildPhase;
			buildActionMask = 2147483647;
			files = (
				490C2670222BA0C7002E18E2 /* s2.png in Resources */,
				490C268C222BA40E002E18E2 /* m1.png in Resources */,
				490C2679222BA1CE002E18E2 /* s5.png in Resources */,
				490C266F222BA0C7002E18E2 /* s1.png in Resources */,
				498F9784222505B30069A353 /* s9.mp4 in Resources */,
				498F97792224B4B20069A353 /* m0.mp4 in Resources */,
				490C267A222BA1CE002E18E2 /* s3.png in Resources */,
				498F977A2224B4B20069A353 /* m1.mp4 in Resources */,
				490C2689222BA40E002E18E2 /* m7.png in Resources */,
				498F977B2224B4B20069A353 /* m2.mp4 in Resources */,
				498F977C2224B4B20069A353 /* m3.mp4 in Resources */,
				498F977D2224B4B20069A353 /* m4.mp4 in Resources */,
				498F977E2224B4B20069A353 /* m5.mp4 in Resources */,
				498F977F2224B4B20069A353 /* m6.mp4 in Resources */,
				490C2678222BA1CE002E18E2 /* s4.png in Resources */,
				498F97802224B4B20069A353 /* m7.mp4 in Resources */,
				498F97812224B4B20069A353 /* m8.mp4 in Resources */,
				490C267C222BA1CE002E18E2 /* s6.png in Resources */,
				498F97822224B4B20069A353 /* m9.mp4 in Resources */,
				490C2692222BA40E002E18E2 /* m4.png in Resources */,
				498F97652224B4900069A353 /* s0.mp4 in Resources */,
				490C2690222BA40E002E18E2 /* m0.png in Resources */,
				490C266C222B9FAA002E18E2 /* s0.png in Resources */,
				490C268E222BA40E002E18E2 /* m5.png in Resources */,
				490C267D222BA1CE002E18E2 /* s7.png in Resources */,
				498F97662224B4900069A353 /* s1.mp4 in Resources */,
				490C267B222BA1CE002E18E2 /* s9.png in Resources */,
				498F97672224B4900069A353 /* s2.mp4 in Resources */,
				498F97682224B4900069A353 /* s3.mp4 in Resources */,
				490C268B222BA40E002E18E2 /* m3.png in Resources */,
				490C267E222BA1CE002E18E2 /* s8.png in Resources */,
				490C268A222BA40E002E18E2 /* m6.png in Resources */,
				498F97692224B4900069A353 /* s4.mp4 in Resources */,
				498F976A2224B4900069A353 /* s5.mp4 in Resources */,
				498F976B2224B4900069A353 /* s6.mp4 in Resources */,
				498F976C2224B4900069A353 /* s7.mp4 in Resources */,
				498F976D2224B4900069A353 /* s8.mp4 in Resources */,
				499DB8C62205FADE008AB45B /* Ying Yang.png in Resources */,
				490C268F222BA40E002E18E2 /* m2.png in Resources */,
				499DB8C22205F217008AB45B /* orange background.png in Resources */,
				490C268D222BA40E002E18E2 /* m8.png in Resources */,
				49F33AFA21E86F4500F93F34 /* LaunchScreen.storyboard in Resources */,
				49F33AF721E86F4500F93F34 /* Assets.xcassets in Resources */,
				49544E5921E880EA00092CE7 /* VideoTableViewCell.xib in Resources */,
				49F33AF521E86F4300F93F34 /* Main.storyboard in Resources */,
				490C2691222BA40E002E18E2 /* m9.png in Resources */,
			);
			runOnlyForDeploymentPostprocessing = 0;
		};
/* End PBXResourcesBuildPhase section */

/* Begin PBXShellScriptBuildPhase section */
		5A2AEB5C9069876D64A692F4 /* [CP] Embed Pods Frameworks */ = {
			isa = PBXShellScriptBuildPhase;
			buildActionMask = 2147483647;
			files = (
			);
			inputPaths = (
				"${SRCROOT}/Pods/Target Support Files/Pods-TaiChi/Pods-TaiChi-frameworks.sh",
				"${BUILT_PRODUCTS_DIR}/AFDateHelper/AFDateHelper.framework",
				"${BUILT_PRODUCTS_DIR}/Realm/Realm.framework",
				"${BUILT_PRODUCTS_DIR}/RealmSwift/RealmSwift.framework",
				"${BUILT_PRODUCTS_DIR}/SwiftyJSON/SwiftyJSON.framework",
				"${BUILT_PRODUCTS_DIR}/UICircularProgressRing/UICircularProgressRing.framework",
			);
			name = "[CP] Embed Pods Frameworks";
			outputPaths = (
				"${TARGET_BUILD_DIR}/${FRAMEWORKS_FOLDER_PATH}/AFDateHelper.framework",
				"${TARGET_BUILD_DIR}/${FRAMEWORKS_FOLDER_PATH}/Realm.framework",
				"${TARGET_BUILD_DIR}/${FRAMEWORKS_FOLDER_PATH}/RealmSwift.framework",
				"${TARGET_BUILD_DIR}/${FRAMEWORKS_FOLDER_PATH}/SwiftyJSON.framework",
				"${TARGET_BUILD_DIR}/${FRAMEWORKS_FOLDER_PATH}/UICircularProgressRing.framework",
			);
			runOnlyForDeploymentPostprocessing = 0;
			shellPath = /bin/sh;
			shellScript = "\"${SRCROOT}/Pods/Target Support Files/Pods-TaiChi/Pods-TaiChi-frameworks.sh\"\n";
			showEnvVarsInLog = 0;
		};
		F6870539B1F1CD7B161DC3D7 /* [CP] Check Pods Manifest.lock */ = {
			isa = PBXShellScriptBuildPhase;
			buildActionMask = 2147483647;
			files = (
			);
			inputPaths = (
				"${PODS_PODFILE_DIR_PATH}/Podfile.lock",
				"${PODS_ROOT}/Manifest.lock",
			);
			name = "[CP] Check Pods Manifest.lock";
			outputPaths = (
				"$(DERIVED_FILE_DIR)/Pods-TaiChi-checkManifestLockResult.txt",
			);
			runOnlyForDeploymentPostprocessing = 0;
			shellPath = /bin/sh;
			shellScript = "diff \"${PODS_PODFILE_DIR_PATH}/Podfile.lock\" \"${PODS_ROOT}/Manifest.lock\" > /dev/null\nif [ $? != 0 ] ; then\n    # print error to STDERR\n    echo \"error: The sandbox is not in sync with the Podfile.lock. Run 'pod install' or update your CocoaPods installation.\" >&2\n    exit 1\nfi\n# This output is used by Xcode 'outputs' to avoid re-running this script phase.\necho \"SUCCESS\" > \"${SCRIPT_OUTPUT_FILE_0}\"\n";
			showEnvVarsInLog = 0;
		};
/* End PBXShellScriptBuildPhase section */

/* Begin PBXSourcesBuildPhase section */
		49F33AE821E86F4300F93F34 /* Sources */ = {
			isa = PBXSourcesBuildPhase;
			buildActionMask = 2147483647;
			files = (
				49709B3822096875003DD139 /* SittingJSONExtension.swift in Sources */,
				49F33AF221E86F4300F93F34 /* LoginViewController.swift in Sources */,
				4912372922014D4400001D97 /* StandingPlayVideoExtension.swift in Sources */,
				4912372B22014DA100001D97 /* StandingVideoDataExtension.swift in Sources */,
				49F33B0321E874AF00F93F34 /* SelectionViewController.swift in Sources */,
				49F33AF021E86F4300F93F34 /* AppDelegate.swift in Sources */,
				498F9788222610670069A353 /* SelfPracticeDataExtension.swift in Sources */,
				4912372722014CF800001D97 /* SittingVideoDataExtension.swift in Sources */,
				49709B3A22096889003DD139 /* StandingJSONExtension.swift in Sources */,
				49696E0D21EF592500B23804 /* PlayTime.swift in Sources */,
				4912372522014BCC00001D97 /* SittingPlayVideoExtension.swift in Sources */,
				495F2E66220C7AED00D56049 /* retractKeyboardExtension.swift in Sources */,
				498F9786222508080069A353 /* SelfPracticeViewController.swift in Sources */,
				49D92CDD2218D22D0086295D /* LoginVCPasswordExtension.swift in Sources */,
				49F0D9DA220285B600B4BF0F /* StandingDateExtension.swift in Sources */,
				49544E5321E87CDE00092CE7 /* StandingViewController.swift in Sources */,
				49696E0F21EF599600B23804 /* Video.swift in Sources */,
				49F0D9D8220285A900B4BF0F /* SittingDateExtension.swift in Sources */,
				49EB505F21FD8B0F008EB865 /* Progress.swift in Sources */,
				495F2E62220BE9A700D56049 /* roundCornerExtension.swift in Sources */,
				49D92CDB2218D1600086295D /* Login.swift in Sources */,
				49709B3E220B2218003DD139 /* textFieldIcon.swift in Sources */,
				49544E5121E87CD400092CE7 /* SittingViewController.swift in Sources */,
				49696E1121EF59C400B23804 /* Day.swift in Sources */,
				49544E5821E880EA00092CE7 /* VideoTableViewCell.swift in Sources */,
				495F2E64220C728300D56049 /* buttonShadowExtension.swift in Sources */,
			);
			runOnlyForDeploymentPostprocessing = 0;
		};
/* End PBXSourcesBuildPhase section */

/* Begin PBXVariantGroup section */
		49F33AF321E86F4300F93F34 /* Main.storyboard */ = {
			isa = PBXVariantGroup;
			children = (
				49F33AF421E86F4300F93F34 /* Base */,
			);
			name = Main.storyboard;
			sourceTree = "<group>";
		};
		49F33AF821E86F4500F93F34 /* LaunchScreen.storyboard */ = {
			isa = PBXVariantGroup;
			children = (
				49F33AF921E86F4500F93F34 /* Base */,
			);
			name = LaunchScreen.storyboard;
			sourceTree = "<group>";
		};
/* End PBXVariantGroup section */

/* Begin XCBuildConfiguration section */
		49F33AFC21E86F4500F93F34 /* Debug */ = {
			isa = XCBuildConfiguration;
			buildSettings = {
				ALWAYS_SEARCH_USER_PATHS = NO;
				CLANG_ANALYZER_NONNULL = YES;
				CLANG_ANALYZER_NUMBER_OBJECT_CONVERSION = YES_AGGRESSIVE;
				CLANG_CXX_LANGUAGE_STANDARD = "gnu++14";
				CLANG_CXX_LIBRARY = "libc++";
				CLANG_ENABLE_MODULES = YES;
				CLANG_ENABLE_OBJC_ARC = YES;
				CLANG_ENABLE_OBJC_WEAK = YES;
				CLANG_WARN_BLOCK_CAPTURE_AUTORELEASING = YES;
				CLANG_WARN_BOOL_CONVERSION = YES;
				CLANG_WARN_COMMA = YES;
				CLANG_WARN_CONSTANT_CONVERSION = YES;
				CLANG_WARN_DEPRECATED_OBJC_IMPLEMENTATIONS = YES;
				CLANG_WARN_DIRECT_OBJC_ISA_USAGE = YES_ERROR;
				CLANG_WARN_DOCUMENTATION_COMMENTS = YES;
				CLANG_WARN_EMPTY_BODY = YES;
				CLANG_WARN_ENUM_CONVERSION = YES;
				CLANG_WARN_INFINITE_RECURSION = YES;
				CLANG_WARN_INT_CONVERSION = YES;
				CLANG_WARN_NON_LITERAL_NULL_CONVERSION = YES;
				CLANG_WARN_OBJC_IMPLICIT_RETAIN_SELF = YES;
				CLANG_WARN_OBJC_LITERAL_CONVERSION = YES;
				CLANG_WARN_OBJC_ROOT_CLASS = YES_ERROR;
				CLANG_WARN_RANGE_LOOP_ANALYSIS = YES;
				CLANG_WARN_STRICT_PROTOTYPES = YES;
				CLANG_WARN_SUSPICIOUS_MOVE = YES;
				CLANG_WARN_UNGUARDED_AVAILABILITY = YES_AGGRESSIVE;
				CLANG_WARN_UNREACHABLE_CODE = YES;
				CLANG_WARN__DUPLICATE_METHOD_MATCH = YES;
				CODE_SIGN_IDENTITY = "iPhone Developer";
				COPY_PHASE_STRIP = NO;
				DEBUG_INFORMATION_FORMAT = dwarf;
				ENABLE_STRICT_OBJC_MSGSEND = YES;
				ENABLE_TESTABILITY = YES;
				GCC_C_LANGUAGE_STANDARD = gnu11;
				GCC_DYNAMIC_NO_PIC = NO;
				GCC_NO_COMMON_BLOCKS = YES;
				GCC_OPTIMIZATION_LEVEL = 0;
				GCC_PREPROCESSOR_DEFINITIONS = (
					"DEBUG=1",
					"$(inherited)",
				);
				GCC_WARN_64_TO_32_BIT_CONVERSION = YES;
				GCC_WARN_ABOUT_RETURN_TYPE = YES_ERROR;
				GCC_WARN_UNDECLARED_SELECTOR = YES;
				GCC_WARN_UNINITIALIZED_AUTOS = YES_AGGRESSIVE;
				GCC_WARN_UNUSED_FUNCTION = YES;
				GCC_WARN_UNUSED_VARIABLE = YES;
				IPHONEOS_DEPLOYMENT_TARGET = 10.0;
				MTL_ENABLE_DEBUG_INFO = INCLUDE_SOURCE;
				MTL_FAST_MATH = YES;
				ONLY_ACTIVE_ARCH = YES;
				SDKROOT = iphoneos;
				SWIFT_ACTIVE_COMPILATION_CONDITIONS = DEBUG;
				SWIFT_OPTIMIZATION_LEVEL = "-Onone";
			};
			name = Debug;
		};
		49F33AFD21E86F4500F93F34 /* Release */ = {
			isa = XCBuildConfiguration;
			buildSettings = {
				ALWAYS_SEARCH_USER_PATHS = NO;
				CLANG_ANALYZER_NONNULL = YES;
				CLANG_ANALYZER_NUMBER_OBJECT_CONVERSION = YES_AGGRESSIVE;
				CLANG_CXX_LANGUAGE_STANDARD = "gnu++14";
				CLANG_CXX_LIBRARY = "libc++";
				CLANG_ENABLE_MODULES = YES;
				CLANG_ENABLE_OBJC_ARC = YES;
				CLANG_ENABLE_OBJC_WEAK = YES;
				CLANG_WARN_BLOCK_CAPTURE_AUTORELEASING = YES;
				CLANG_WARN_BOOL_CONVERSION = YES;
				CLANG_WARN_COMMA = YES;
				CLANG_WARN_CONSTANT_CONVERSION = YES;
				CLANG_WARN_DEPRECATED_OBJC_IMPLEMENTATIONS = YES;
				CLANG_WARN_DIRECT_OBJC_ISA_USAGE = YES_ERROR;
				CLANG_WARN_DOCUMENTATION_COMMENTS = YES;
				CLANG_WARN_EMPTY_BODY = YES;
				CLANG_WARN_ENUM_CONVERSION = YES;
				CLANG_WARN_INFINITE_RECURSION = YES;
				CLANG_WARN_INT_CONVERSION = YES;
				CLANG_WARN_NON_LITERAL_NULL_CONVERSION = YES;
				CLANG_WARN_OBJC_IMPLICIT_RETAIN_SELF = YES;
				CLANG_WARN_OBJC_LITERAL_CONVERSION = YES;
				CLANG_WARN_OBJC_ROOT_CLASS = YES_ERROR;
				CLANG_WARN_RANGE_LOOP_ANALYSIS = YES;
				CLANG_WARN_STRICT_PROTOTYPES = YES;
				CLANG_WARN_SUSPICIOUS_MOVE = YES;
				CLANG_WARN_UNGUARDED_AVAILABILITY = YES_AGGRESSIVE;
				CLANG_WARN_UNREACHABLE_CODE = YES;
				CLANG_WARN__DUPLICATE_METHOD_MATCH = YES;
				CODE_SIGN_IDENTITY = "iPhone Developer";
				COPY_PHASE_STRIP = NO;
				DEBUG_INFORMATION_FORMAT = "dwarf-with-dsym";
				ENABLE_NS_ASSERTIONS = NO;
				ENABLE_STRICT_OBJC_MSGSEND = YES;
				GCC_C_LANGUAGE_STANDARD = gnu11;
				GCC_NO_COMMON_BLOCKS = YES;
				GCC_WARN_64_TO_32_BIT_CONVERSION = YES;
				GCC_WARN_ABOUT_RETURN_TYPE = YES_ERROR;
				GCC_WARN_UNDECLARED_SELECTOR = YES;
				GCC_WARN_UNINITIALIZED_AUTOS = YES_AGGRESSIVE;
				GCC_WARN_UNUSED_FUNCTION = YES;
				GCC_WARN_UNUSED_VARIABLE = YES;
				IPHONEOS_DEPLOYMENT_TARGET = 10.0;
				MTL_ENABLE_DEBUG_INFO = NO;
				MTL_FAST_MATH = YES;
				SDKROOT = iphoneos;
				SWIFT_COMPILATION_MODE = wholemodule;
				SWIFT_OPTIMIZATION_LEVEL = "-O";
				VALIDATE_PRODUCT = YES;
			};
			name = Release;
		};
		49F33AFF21E86F4500F93F34 /* Debug */ = {
			isa = XCBuildConfiguration;
			baseConfigurationReference = 614E480679B76853ADA27583 /* Pods-TaiChi.debug.xcconfig */;
			buildSettings = {
				ASSETCATALOG_COMPILER_APPICON_NAME = AppIcon;
				CODE_SIGN_STYLE = Automatic;
				DEVELOPMENT_TEAM = BA96E32699;
				INFOPLIST_FILE = TaiChi/Info.plist;
				IPHONEOS_DEPLOYMENT_TARGET = 10.0;
				LD_RUNPATH_SEARCH_PATHS = (
					"$(inherited)",
					"@executable_path/Frameworks",
				);
				PRODUCT_BUNDLE_IDENTIFIER = com.petech.TaiChi;
				PRODUCT_NAME = "$(TARGET_NAME)";
				SWIFT_VERSION = 4.2;
				TARGETED_DEVICE_FAMILY = "1,2";
			};
			name = Debug;
		};
		49F33B0021E86F4500F93F34 /* Release */ = {
			isa = XCBuildConfiguration;
			baseConfigurationReference = 20803EFE5661BE718369B105 /* Pods-TaiChi.release.xcconfig */;
			buildSettings = {
				ASSETCATALOG_COMPILER_APPICON_NAME = AppIcon;
				CODE_SIGN_STYLE = Automatic;
				DEVELOPMENT_TEAM = BA96E32699;
				INFOPLIST_FILE = TaiChi/Info.plist;
				IPHONEOS_DEPLOYMENT_TARGET = 10.0;
				LD_RUNPATH_SEARCH_PATHS = (
					"$(inherited)",
					"@executable_path/Frameworks",
				);
				PRODUCT_BUNDLE_IDENTIFIER = com.petech.TaiChi;
				PRODUCT_NAME = "$(TARGET_NAME)";
				SWIFT_VERSION = 4.2;
				TARGETED_DEVICE_FAMILY = "1,2";
			};
			name = Release;
		};
/* End XCBuildConfiguration section */

/* Begin XCConfigurationList section */
		49F33AE721E86F4300F93F34 /* Build configuration list for PBXProject "TaiChi" */ = {
			isa = XCConfigurationList;
			buildConfigurations = (
				49F33AFC21E86F4500F93F34 /* Debug */,
				49F33AFD21E86F4500F93F34 /* Release */,
			);
			defaultConfigurationIsVisible = 0;
			defaultConfigurationName = Release;
		};
		49F33AFE21E86F4500F93F34 /* Build configuration list for PBXNativeTarget "TaiChi" */ = {
			isa = XCConfigurationList;
			buildConfigurations = (
				49F33AFF21E86F4500F93F34 /* Debug */,
				49F33B0021E86F4500F93F34 /* Release */,
			);
			defaultConfigurationIsVisible = 0;
			defaultConfigurationName = Release;
		};
/* End XCConfigurationList section */
	};
	rootObject = 49F33AE421E86F4300F93F34 /* Project object */;
}
